{
  "name": "LumaShop",
  "version": "1.0.0",
  "lockfileVersion": 2,
  "requires": true,
  "packages": {
    "": {
      "name": "LumaShop",
      "version": "1.0.0",
      "license": "ISC",
      "dependencies": {
        "@mirohq/websdk-types": "^2.3.0"
      },
      "devDependencies": {
        "@playwright/test": "^1.24.2",
        "playwright": "^1.24.2"
      }
    },
    "node_modules/@mirohq/websdk-types": {
      "version": "2.4.0",
      "resolved": "https://registry.npmjs.org/@mirohq/websdk-types/-/websdk-types-2.4.0.tgz",
      "integrity": "sha512-X/s5DHXlRuqLCj7f1C7h7h9Pz7eeNyDhY+FuGy+/AhT4g+X1vXrt6wp0LGecW22djezuejhZbJDWh3FcGhZH0w==",
      "dependencies": {
        "typescript": "4.6.3"
      },
      "peerDependencies": {
        "@mirohq/prettier-config": "*",
        "@typescript-eslint/eslint-plugin": "*",
        "@typescript-eslint/parser": "*",
        "eslint": "*",
        "eslint-config-airbnb-typescript": "*",
        "eslint-config-prettier": "*",
        "eslint-plugin-import": "*",
        "eslint-plugin-prettier": "*",
        "husky": "*",
        "lint-staged": "*",
        "prettier": "*"
      },
      "peerDependenciesMeta": {
        "@mirohq/prettier-config": {
          "optional": true
        },
        "@typescript-eslint/eslint-plugin": {
          "optional": true
        },
        "@typescript-eslint/parser": {
          "optional": true
        },
        "eslint": {
          "optional": true
        },
        "eslint-config-airbnb-typescript": {
          "optional": true
        },
        "eslint-config-prettier": {
          "optional": true
        },
        "eslint-plugin-import": {
          "optional": true
        },
        "eslint-plugin-prettier": {
          "optional": true
        },
        "husky": {
          "optional": true
        },
        "lint-staged": {
          "optional": true
        },
        "prettier": {
          "optional": true
        }
      }
    },
    "node_modules/@playwright/test": {
      "version": "1.29.0",
      "resolved": "https://registry.npmjs.org/@playwright/test/-/test-1.29.0.tgz",
      "integrity": "sha512-gp5PVBenxTJsm2bATWDNc2CCnrL5OaA/MXQdJwwkGQtqTjmY+ZOqAdLqo49O9MLTDh2vYh+tHWDnmFsILnWaeA==",
      "dev": true,
      "dependencies": {
        "@types/node": "*",
        "playwright-core": "1.29.0"
      },
      "bin": {
        "playwright": "cli.js"
      },
      "engines": {
        "node": ">=14"
      }
    },
    "node_modules/@types/node": {
      "version": "18.11.17",
      "resolved": "https://registry.npmjs.org/@types/node/-/node-18.11.17.tgz",
      "integrity": "sha512-HJSUJmni4BeDHhfzn6nF0sVmd1SMezP7/4F0Lq+aXzmp2xm9O7WXrUtHW/CHlYVtZUbByEvWidHqRtcJXGF2Ng==",
      "dev": true
    },
    "node_modules/playwright": {
      "version": "1.29.0",
      "resolved": "https://registry.npmjs.org/playwright/-/playwright-1.29.0.tgz",
      "integrity": "sha512-vtXgX3FPNcAJq1QoIVCvmiHHKOLVTZkSYEo60n+EnX5MrNznAJzGquxT8c2sv+BG3CDyLeKm351e491HnF7yjw==",
      "dev": true,
      "hasInstallScript": true,
      "dependencies": {
        "playwright-core": "1.29.0"
      },
      "bin": {
        "playwright": "cli.js"
      },
      "engines": {
        "node": ">=14"
      }
    },
    "node_modules/playwright-core": {
      "version": "1.29.0",
      "resolved": "https://registry.npmjs.org/playwright-core/-/playwright-core-1.29.0.tgz",
      "integrity": "sha512-pboOm1m0RD6z1GtwAbEH60PYRfF87vKdzOSRw2RyO0Y0a7utrMyWN2Au1ojGvQr4umuBMODkKTv607YIRypDSQ==",
      "dev": true,
      "bin": {
        "playwright": "cli.js"
      },
      "engines": {
        "node": ">=14"
      }
    },
    "node_modules/typescript": {
      "version": "4.6.3",
      "resolved": "https://registry.npmjs.org/typescript/-/typescript-4.6.3.tgz",
      "integrity": "sha512-yNIatDa5iaofVozS/uQJEl3JRWLKKGJKh6Yaiv0GLGSuhpFJe7P3SbHZ8/yjAHRQwKRoA6YZqlfjXWmVzoVSMw==",
      "bin": {
        "tsc": "bin/tsc",
        "tsserver": "bin/tsserver"
      },
      "engines": {
        "node": ">=4.2.0"
      }
    }
  },
  "dependencies": {
    "@mirohq/websdk-types": {
      "version": "2.4.0",
      "resolved": "https://registry.npmjs.org/@mirohq/websdk-types/-/websdk-types-2.4.0.tgz",
      "integrity": "sha512-X/s5DHXlRuqLCj7f1C7h7h9Pz7eeNyDhY+FuGy+/AhT4g+X1vXrt6wp0LGecW22djezuejhZbJDWh3FcGhZH0w==",
      "requires": {
        "typescript": "4.6.3"
      }
    },
    "@playwright/test": {
      "version": "1.29.0",
      "resolved": "https://registry.npmjs.org/@playwright/test/-/test-1.29.0.tgz",
      "integrity": "sha512-gp5PVBenxTJsm2bATWDNc2CCnrL5OaA/MXQdJwwkGQtqTjmY+ZOqAdLqo49O9MLTDh2vYh+tHWDnmFsILnWaeA==",
      "dev": true,
      "requires": {
        "@types/node": "*",
        "playwright-core": "1.29.0"
      }
    },
    "@types/node": {
      "version": "18.11.17",
      "resolved": "https://registry.npmjs.org/@types/node/-/node-18.11.17.tgz",
      "integrity": "sha512-HJSUJmni4BeDHhfzn6nF0sVmd1SMezP7/4F0Lq+aXzmp2xm9O7WXrUtHW/CHlYVtZUbByEvWidHqRtcJXGF2Ng==",
      "dev": true
    },
    "playwright": {
      "version": "1.29.0",
      "resolved": "https://registry.npmjs.org/playwright/-/playwright-1.29.0.tgz",
      "integrity": "sha512-vtXgX3FPNcAJq1QoIVCvmiHHKOLVTZkSYEo60n+EnX5MrNznAJzGquxT8c2sv+BG3CDyLeKm351e491HnF7yjw==",
      "dev": true,
      "requires": {
        "playwright-core": "1.29.0"
      }
    },
    "playwright-core": {
      "version": "1.29.0",
      "resolved": "https://registry.npmjs.org/playwright-core/-/playwright-core-1.29.0.tgz",
      "integrity": "sha512-pboOm1m0RD6z1GtwAbEH60PYRfF87vKdzOSRw2RyO0Y0a7utrMyWN2Au1ojGvQr4umuBMODkKTv607YIRypDSQ==",
      "dev": true
    },
    "typescript": {
      "version": "4.6.3",
      "resolved": "https://registry.npmjs.org/typescript/-/typescript-4.6.3.tgz",
      "integrity": "sha512-yNIatDa5iaofVozS/uQJEl3JRWLKKGJKh6Yaiv0GLGSuhpFJe7P3SbHZ8/yjAHRQwKRoA6YZqlfjXWmVzoVSMw=="
    }
  }
}
